
Microsoft Visual Studio Solution File, Format Version 12.00
# Visual Studio Version 17
VisualStudioVersion = 17.2.32505.173
MinimumVisualStudioVersion = 10.0.40219.1
Project("{888888A0-9F3D-457C-B088-3A5042F75D52}") = "quickSort", "quickSort.pyproj", "{1EA06D51-9CE9-484F-8D31-44F3733CC060}"
EndProject
Global
	GlobalSection(SolutionConfigurationPlatforms) = preSolution
		Debug|Any CPU = Debug|Any CPU
		Release|Any CPU = Release|Any CPU
	EndGlobalSection
	GlobalSection(ProjectConfigurationPlatforms) = postSolution
		{1EA06D51-9CE9-484F-8D31-44F3733CC060}.Debug|Any CPU.ActiveCfg = Debug|Any CPU
		{1EA06D51-9CE9-484F-8D31-44F3733CC060}.Release|Any CPU.ActiveCfg = Release|Any CPU
	EndGlobalSection
	GlobalSection(SolutionProperties) = preSolution
		HideSolutionNode = FALSE
	EndGlobalSection
	GlobalSection(ExtensibilityGlobals) = postSolution
		SolutionGuid = {D54D8B15-59FC-4095-82EB-3A4A42637297}
	EndGlobalSection
EndGlobal
