
Microsoft Visual Studio Solution File, Format Version 12.00
# Visual Studio Version 17
VisualStudioVersion = 17.2.32505.173
MinimumVisualStudioVersion = 10.0.40219.1
Project("{888888A0-9F3D-457C-B088-3A5042F75D52}") = "bubbleSort", "bubbleSort.pyproj", "{5ECBE8C9-B66F-430B-B65C-8A0B7AC67FD4}"
EndProject
Global
	GlobalSection(SolutionConfigurationPlatforms) = preSolution
		Debug|Any CPU = Debug|Any CPU
		Release|Any CPU = Release|Any CPU
	EndGlobalSection
	GlobalSection(ProjectConfigurationPlatforms) = postSolution
		{5ECBE8C9-B66F-430B-B65C-8A0B7AC67FD4}.Debug|Any CPU.ActiveCfg = Debug|Any CPU
		{5ECBE8C9-B66F-430B-B65C-8A0B7AC67FD4}.Release|Any CPU.ActiveCfg = Release|Any CPU
	EndGlobalSection
	GlobalSection(SolutionProperties) = preSolution
		HideSolutionNode = FALSE
	EndGlobalSection
	GlobalSection(ExtensibilityGlobals) = postSolution
		SolutionGuid = {FF0D74B0-7F64-40D4-BDEB-80165C88EBC1}
	EndGlobalSection
EndGlobal
